
Microsoft Visual Studio Solution File, Format Version 12.00
# Visual Studio Version 16
VisualStudioVersion = 16.0.29709.97
MinimumVisualStudioVersion = 10.0.40219.1
Project("{FAE04EC0-301F-11D3-BF4B-00C04F79EFBC}") = "JavaCompiler", "JavaCompiler\JavaCompiler.csproj", "{2BFD159D-B0D2-4C22-8B6C-26FF60512996}"
EndProject
Global
	GlobalSection(SolutionConfigurationPlatforms) = preSolution
		Debug|Any CPU = Debug|Any CPU
		Release|Any CPU = Release|Any CPU
	EndGlobalSection
	GlobalSection(ProjectConfigurationPlatforms) = postSolution
		{2BFD159D-B0D2-4C22-8B6C-26FF60512996}.Debug|Any CPU.ActiveCfg = Debug|Any CPU
		{2BFD159D-B0D2-4C22-8B6C-26FF60512996}.Debug|Any CPU.Build.0 = Debug|Any CPU
		{2BFD159D-B0D2-4C22-8B6C-26FF60512996}.Release|Any CPU.ActiveCfg = Release|Any CPU
		{2BFD159D-B0D2-4C22-8B6C-26FF60512996}.Release|Any CPU.Build.0 = Release|Any CPU
	EndGlobalSection
	GlobalSection(SolutionProperties) = preSolution
		HideSolutionNode = FALSE
	EndGlobalSection
	GlobalSection(ExtensibilityGlobals) = postSolution
		SolutionGuid = {FDEF28B6-5652-48EE-9CF3-9C23CB5747C2}
	EndGlobalSection
EndGlobal
